
Microsoft Visual Studio Solution File, Format Version 12.00
# Visual Studio Version 17
VisualStudioVersion = 17.8.34330.188
MinimumVisualStudioVersion = 10.0.40219.1
Project("{9A19103F-16F7-4668-BE54-9A1E7A4F7556}") = "MVCBootstrap", "MVCBootstrap\MVCBootstrap.csproj", "{463335C0-17CE-4755-980F-6632EC95B820}"
EndProject
Project("{9A19103F-16F7-4668-BE54-9A1E7A4F7556}") = "MVCBootstrap.AccesoDatos", "MVCBootstrap.AccesoDatos\MVCBootstrap.AccesoDatos.csproj", "{64D41F30-02A7-49CD-8F61-3B376BB38CCA}"
EndProject
Project("{9A19103F-16F7-4668-BE54-9A1E7A4F7556}") = "MVCBootstrap.Models", "MVCBootstrap.Models\MVCBootstrap.Models.csproj", "{405F611F-030C-4FE3-AC50-A0C61196A20D}"
EndProject
Project("{9A19103F-16F7-4668-BE54-9A1E7A4F7556}") = "MVCBootstrap.Utilidades", "MVCBootstrap.Utilidades\MVCBootstrap.Utilidades.csproj", "{6DD3AB61-CFB3-490D-8667-4F409B8801DF}"
EndProject
Global
	GlobalSection(SolutionConfigurationPlatforms) = preSolution
		Debug|Any CPU = Debug|Any CPU
		Release|Any CPU = Release|Any CPU
	EndGlobalSection
	GlobalSection(ProjectConfigurationPlatforms) = postSolution
		{463335C0-17CE-4755-980F-6632EC95B820}.Debug|Any CPU.ActiveCfg = Debug|Any CPU
		{463335C0-17CE-4755-980F-6632EC95B820}.Debug|Any CPU.Build.0 = Debug|Any CPU
		{463335C0-17CE-4755-980F-6632EC95B820}.Release|Any CPU.ActiveCfg = Release|Any CPU
		{463335C0-17CE-4755-980F-6632EC95B820}.Release|Any CPU.Build.0 = Release|Any CPU
		{64D41F30-02A7-49CD-8F61-3B376BB38CCA}.Debug|Any CPU.ActiveCfg = Debug|Any CPU
		{64D41F30-02A7-49CD-8F61-3B376BB38CCA}.Debug|Any CPU.Build.0 = Debug|Any CPU
		{64D41F30-02A7-49CD-8F61-3B376BB38CCA}.Release|Any CPU.ActiveCfg = Release|Any CPU
		{64D41F30-02A7-49CD-8F61-3B376BB38CCA}.Release|Any CPU.Build.0 = Release|Any CPU
		{405F611F-030C-4FE3-AC50-A0C61196A20D}.Debug|Any CPU.ActiveCfg = Debug|Any CPU
		{405F611F-030C-4FE3-AC50-A0C61196A20D}.Debug|Any CPU.Build.0 = Debug|Any CPU
		{405F611F-030C-4FE3-AC50-A0C61196A20D}.Release|Any CPU.ActiveCfg = Release|Any CPU
		{405F611F-030C-4FE3-AC50-A0C61196A20D}.Release|Any CPU.Build.0 = Release|Any CPU
		{6DD3AB61-CFB3-490D-8667-4F409B8801DF}.Debug|Any CPU.ActiveCfg = Debug|Any CPU
		{6DD3AB61-CFB3-490D-8667-4F409B8801DF}.Debug|Any CPU.Build.0 = Debug|Any CPU
		{6DD3AB61-CFB3-490D-8667-4F409B8801DF}.Release|Any CPU.ActiveCfg = Release|Any CPU
		{6DD3AB61-CFB3-490D-8667-4F409B8801DF}.Release|Any CPU.Build.0 = Release|Any CPU
	EndGlobalSection
	GlobalSection(SolutionProperties) = preSolution
		HideSolutionNode = FALSE
	EndGlobalSection
	GlobalSection(ExtensibilityGlobals) = postSolution
		SolutionGuid = {0C23D231-01B5-4414-89DC-B7FEF5E111E4}
	EndGlobalSection
EndGlobal
